
Microsoft Visual Studio Solution File, Format Version 12.00
# Visual Studio Version 17
VisualStudioVersion = 17.14.36429.23 d17.14
MinimumVisualStudioVersion = 10.0.40219.1
Project("{FAE04EC0-301F-11D3-BF4B-00C04F79EFBC}") = "API", "API\API.csproj", "{18DF0E44-1B6B-43D7-BD94-87BD0CB4733F}"
EndProject
Global
	GlobalSection(SolutionConfigurationPlatforms) = preSolution
		Debug|Any CPU = Debug|Any CPU
		Release|Any CPU = Release|Any CPU
	EndGlobalSection
	GlobalSection(ProjectConfigurationPlatforms) = postSolution
		{18DF0E44-1B6B-43D7-BD94-87BD0CB4733F}.Debug|Any CPU.ActiveCfg = Debug|Any CPU
		{18DF0E44-1B6B-43D7-BD94-87BD0CB4733F}.Debug|Any CPU.Build.0 = Debug|Any CPU
		{18DF0E44-1B6B-43D7-BD94-87BD0CB4733F}.Release|Any CPU.ActiveCfg = Release|Any CPU
		{18DF0E44-1B6B-43D7-BD94-87BD0CB4733F}.Release|Any CPU.Build.0 = Release|Any CPU
	EndGlobalSection
	GlobalSection(SolutionProperties) = preSolution
		HideSolutionNode = FALSE
	EndGlobalSection
	GlobalSection(ExtensibilityGlobals) = postSolution
		SolutionGuid = {3419F0FE-4FA8-4777-9583-4A1F80F402CA}
	EndGlobalSection
EndGlobal
